<?xml version="1.0" encoding="UTF-8"?>
<CodeBlocks_project_file>
	<FileVersion major="1" minor="6"/>
	<Project>
		<Option title="staticKeyword"/>
		<Option makefile_is_custom="1"/>
		<Option compiler="gcc"/>
		<Option virtualFolders="CMake Files\;CMake Files\..\;CMake Files\..\..\;CMake Files\..\..\Qt\;CMake Files\..\..\Qt\5.12.6\;CMake Files\..\..\Qt\5.12.6\clang_64\;CMake Files\..\..\Qt\5.12.6\clang_64\lib\;CMake Files\..\..\Qt\5.12.6\clang_64\lib\cmake\;CMake Files\..\..\Qt\5.12.6\clang_64\lib\cmake\Qt5Core\;"/>
		<Build>
			<Target title="all">
				<Option working_dir="/Users/famaizo/Workplace/build-staticKeyword-Clone_of_Desktop_Qt_5_12_6_clang_64bit-Debug"/>
				<Option type="4"/>
				<MakeCommands>
					<Build command="/usr/bin/make -j4 -f &quot;/Users/famaizo/Workplace/build-staticKeyword-Clone_of_Desktop_Qt_5_12_6_clang_64bit-Debug/Makefile&quot;  VERBOSE=1 all"/>
					<CompileFile command="/usr/bin/make -j4 -f &quot;/Users/famaizo/Workplace/build-staticKeyword-Clone_of_Desktop_Qt_5_12_6_clang_64bit-Debug/Makefile&quot;  VERBOSE=1 &quot;$file&quot;"/>
					<Clean command="/usr/bin/make -j4 -f &quot;/Users/famaizo/Workplace/build-staticKeyword-Clone_of_Desktop_Qt_5_12_6_clang_64bit-Debug/Makefile&quot;  VERBOSE=1 clean"/>
					<DistClean command="/usr/bin/make -j4 -f &quot;/Users/famaizo/Workplace/build-staticKeyword-Clone_of_Desktop_Qt_5_12_6_clang_64bit-Debug/Makefile&quot;  VERBOSE=1 clean"/>
				</MakeCommands>
			</Target>
			<Target title="rebuild_cache">
				<Option working_dir="/Users/famaizo/Workplace/build-staticKeyword-Clone_of_Desktop_Qt_5_12_6_clang_64bit-Debug"/>
				<Option type="4"/>
				<MakeCommands>
					<Build command="/usr/bin/make -j4 -f &quot;/Users/famaizo/Workplace/build-staticKeyword-Clone_of_Desktop_Qt_5_12_6_clang_64bit-Debug/Makefile&quot;  VERBOSE=1 rebuild_cache"/>
					<CompileFile command="/usr/bin/make -j4 -f &quot;/Users/famaizo/Workplace/build-staticKeyword-Clone_of_Desktop_Qt_5_12_6_clang_64bit-Debug/Makefile&quot;  VERBOSE=1 &quot;$file&quot;"/>
					<Clean command="/usr/bin/make -j4 -f &quot;/Users/famaizo/Workplace/build-staticKeyword-Clone_of_Desktop_Qt_5_12_6_clang_64bit-Debug/Makefile&quot;  VERBOSE=1 clean"/>
					<DistClean command="/usr/bin/make -j4 -f &quot;/Users/famaizo/Workplace/build-staticKeyword-Clone_of_Desktop_Qt_5_12_6_clang_64bit-Debug/Makefile&quot;  VERBOSE=1 clean"/>
				</MakeCommands>
			</Target>
			<Target title="edit_cache">
				<Option working_dir="/Users/famaizo/Workplace/build-staticKeyword-Clone_of_Desktop_Qt_5_12_6_clang_64bit-Debug"/>
				<Option type="4"/>
				<MakeCommands>
					<Build command="/usr/bin/make -j4 -f &quot;/Users/famaizo/Workplace/build-staticKeyword-Clone_of_Desktop_Qt_5_12_6_clang_64bit-Debug/Makefile&quot;  VERBOSE=1 edit_cache"/>
					<CompileFile command="/usr/bin/make -j4 -f &quot;/Users/famaizo/Workplace/build-staticKeyword-Clone_of_Desktop_Qt_5_12_6_clang_64bit-Debug/Makefile&quot;  VERBOSE=1 &quot;$file&quot;"/>
					<Clean command="/usr/bin/make -j4 -f &quot;/Users/famaizo/Workplace/build-staticKeyword-Clone_of_Desktop_Qt_5_12_6_clang_64bit-Debug/Makefile&quot;  VERBOSE=1 clean"/>
					<DistClean command="/usr/bin/make -j4 -f &quot;/Users/famaizo/Workplace/build-staticKeyword-Clone_of_Desktop_Qt_5_12_6_clang_64bit-Debug/Makefile&quot;  VERBOSE=1 clean"/>
				</MakeCommands>
			</Target>
			<Target title="staticKeyword">
				<Option output="/Users/famaizo/Workplace/build-staticKeyword-Clone_of_Desktop_Qt_5_12_6_clang_64bit-Debug/staticKeyword" prefix_auto="0" extension_auto="0"/>
				<Option working_dir="/Users/famaizo/Workplace/build-staticKeyword-Clone_of_Desktop_Qt_5_12_6_clang_64bit-Debug"/>
				<Option object_output="./"/>
				<Option type="1"/>
				<Option compiler="gcc"/>
				<Compiler>
					<Add option="-DQT_CORE_LIB"/>
					<Add directory="/Users/famaizo/Workplace/build-staticKeyword-Clone_of_Desktop_Qt_5_12_6_clang_64bit-Debug"/>
					<Add directory="/Users/famaizo/Workplace/staticKeyword"/>
					<Add directory="/Users/famaizo/Workplace/build-staticKeyword-Clone_of_Desktop_Qt_5_12_6_clang_64bit-Debug/staticKeyword_autogen/include"/>
					<Add directory="/Users/famaizo/Qt/5.12.6/clang_64/lib/QtCore.framework"/>
					<Add directory="/Users/famaizo/Qt/5.12.6/clang_64/lib/QtCore.framework/Headers"/>
					<Add directory="/Users/famaizo/Qt/5.12.6/clang_64/./mkspecs/macx-clang"/>
					<Add directory="/usr/local/include"/>
					<Add directory="/Library/Developer/CommandLineTools/usr/include/c++/v1"/>
					<Add directory="/Library/Developer/CommandLineTools/usr/lib/clang/10.0.1/include"/>
					<Add directory="/Library/Developer/CommandLineTools/usr/include"/>
					<Add directory="/Library/Developer/CommandLineTools/SDKs/MacOSX10.14.sdk/usr/include"/>
					<Add directory="/Library/Developer/CommandLineTools/SDKs/MacOSX10.14.sdk/System/Library/Frameworks"/>
				</Compiler>
				<MakeCommands>
					<Build command="/usr/bin/make -j4 -f &quot;/Users/famaizo/Workplace/build-staticKeyword-Clone_of_Desktop_Qt_5_12_6_clang_64bit-Debug/Makefile&quot;  VERBOSE=1 staticKeyword"/>
					<CompileFile command="/usr/bin/make -j4 -f &quot;/Users/famaizo/Workplace/build-staticKeyword-Clone_of_Desktop_Qt_5_12_6_clang_64bit-Debug/Makefile&quot;  VERBOSE=1 &quot;$file&quot;"/>
					<Clean command="/usr/bin/make -j4 -f &quot;/Users/famaizo/Workplace/build-staticKeyword-Clone_of_Desktop_Qt_5_12_6_clang_64bit-Debug/Makefile&quot;  VERBOSE=1 clean"/>
					<DistClean command="/usr/bin/make -j4 -f &quot;/Users/famaizo/Workplace/build-staticKeyword-Clone_of_Desktop_Qt_5_12_6_clang_64bit-Debug/Makefile&quot;  VERBOSE=1 clean"/>
				</MakeCommands>
			</Target>
			<Target title="staticKeyword/fast">
				<Option output="/Users/famaizo/Workplace/build-staticKeyword-Clone_of_Desktop_Qt_5_12_6_clang_64bit-Debug/staticKeyword" prefix_auto="0" extension_auto="0"/>
				<Option working_dir="/Users/famaizo/Workplace/build-staticKeyword-Clone_of_Desktop_Qt_5_12_6_clang_64bit-Debug"/>
				<Option object_output="./"/>
				<Option type="1"/>
				<Option compiler="gcc"/>
				<Compiler>
					<Add option="-DQT_CORE_LIB"/>
					<Add directory="/Users/famaizo/Workplace/build-staticKeyword-Clone_of_Desktop_Qt_5_12_6_clang_64bit-Debug"/>
					<Add directory="/Users/famaizo/Workplace/staticKeyword"/>
					<Add directory="/Users/famaizo/Workplace/build-staticKeyword-Clone_of_Desktop_Qt_5_12_6_clang_64bit-Debug/staticKeyword_autogen/include"/>
					<Add directory="/Users/famaizo/Qt/5.12.6/clang_64/lib/QtCore.framework"/>
					<Add directory="/Users/famaizo/Qt/5.12.6/clang_64/lib/QtCore.framework/Headers"/>
					<Add directory="/Users/famaizo/Qt/5.12.6/clang_64/./mkspecs/macx-clang"/>
					<Add directory="/usr/local/include"/>
					<Add directory="/Library/Developer/CommandLineTools/usr/include/c++/v1"/>
					<Add directory="/Library/Developer/CommandLineTools/usr/lib/clang/10.0.1/include"/>
					<Add directory="/Library/Developer/CommandLineTools/usr/include"/>
					<Add directory="/Library/Developer/CommandLineTools/SDKs/MacOSX10.14.sdk/usr/include"/>
					<Add directory="/Library/Developer/CommandLineTools/SDKs/MacOSX10.14.sdk/System/Library/Frameworks"/>
				</Compiler>
				<MakeCommands>
					<Build command="/usr/bin/make -j4 -f &quot;/Users/famaizo/Workplace/build-staticKeyword-Clone_of_Desktop_Qt_5_12_6_clang_64bit-Debug/Makefile&quot;  VERBOSE=1 staticKeyword/fast"/>
					<CompileFile command="/usr/bin/make -j4 -f &quot;/Users/famaizo/Workplace/build-staticKeyword-Clone_of_Desktop_Qt_5_12_6_clang_64bit-Debug/Makefile&quot;  VERBOSE=1 &quot;$file&quot;"/>
					<Clean command="/usr/bin/make -j4 -f &quot;/Users/famaizo/Workplace/build-staticKeyword-Clone_of_Desktop_Qt_5_12_6_clang_64bit-Debug/Makefile&quot;  VERBOSE=1 clean"/>
					<DistClean command="/usr/bin/make -j4 -f &quot;/Users/famaizo/Workplace/build-staticKeyword-Clone_of_Desktop_Qt_5_12_6_clang_64bit-Debug/Makefile&quot;  VERBOSE=1 clean"/>
				</MakeCommands>
			</Target>
			<Target title="staticKeyword_autogen">
				<Option working_dir="/Users/famaizo/Workplace/build-staticKeyword-Clone_of_Desktop_Qt_5_12_6_clang_64bit-Debug"/>
				<Option type="4"/>
				<MakeCommands>
					<Build command="/usr/bin/make -j4 -f &quot;/Users/famaizo/Workplace/build-staticKeyword-Clone_of_Desktop_Qt_5_12_6_clang_64bit-Debug/Makefile&quot;  VERBOSE=1 staticKeyword_autogen"/>
					<CompileFile command="/usr/bin/make -j4 -f &quot;/Users/famaizo/Workplace/build-staticKeyword-Clone_of_Desktop_Qt_5_12_6_clang_64bit-Debug/Makefile&quot;  VERBOSE=1 &quot;$file&quot;"/>
					<Clean command="/usr/bin/make -j4 -f &quot;/Users/famaizo/Workplace/build-staticKeyword-Clone_of_Desktop_Qt_5_12_6_clang_64bit-Debug/Makefile&quot;  VERBOSE=1 clean"/>
					<DistClean command="/usr/bin/make -j4 -f &quot;/Users/famaizo/Workplace/build-staticKeyword-Clone_of_Desktop_Qt_5_12_6_clang_64bit-Debug/Makefile&quot;  VERBOSE=1 clean"/>
				</MakeCommands>
			</Target>
		</Build>
		<Unit filename="/Users/famaizo/Workplace/build-staticKeyword-Clone_of_Desktop_Qt_5_12_6_clang_64bit-Debug/staticKeyword_autogen/mocs_compilation.cpp">
			<Option target="staticKeyword"/>
		</Unit>
		<Unit filename="/Users/famaizo/Workplace/staticKeyword/main.cpp">
			<Option target="staticKeyword"/>
		</Unit>
		<Unit filename="/Users/famaizo/Workplace/staticKeyword/CMakeLists.txt">
			<Option virtualFolder="CMake Files\"/>
		</Unit>
		<Unit filename="/Users/famaizo/Workplace/staticKeyword/../../Qt/5.12.6/clang_64/lib/cmake/Qt5Core/Qt5CoreConfig.cmake">
			<Option virtualFolder="CMake Files\..\..\Qt\5.12.6\clang_64\lib\cmake\Qt5Core\"/>
		</Unit>
		<Unit filename="/Users/famaizo/Workplace/staticKeyword/../../Qt/5.12.6/clang_64/lib/cmake/Qt5Core/Qt5CoreConfigExtras.cmake">
			<Option virtualFolder="CMake Files\..\..\Qt\5.12.6\clang_64\lib\cmake\Qt5Core\"/>
		</Unit>
		<Unit filename="/Users/famaizo/Workplace/staticKeyword/../../Qt/5.12.6/clang_64/lib/cmake/Qt5Core/Qt5CoreConfigExtrasMkspecDir.cmake">
			<Option virtualFolder="CMake Files\..\..\Qt\5.12.6\clang_64\lib\cmake\Qt5Core\"/>
		</Unit>
		<Unit filename="/Users/famaizo/Workplace/staticKeyword/../../Qt/5.12.6/clang_64/lib/cmake/Qt5Core/Qt5CoreConfigVersion.cmake">
			<Option virtualFolder="CMake Files\..\..\Qt\5.12.6\clang_64\lib\cmake\Qt5Core\"/>
		</Unit>
		<Unit filename="/Users/famaizo/Workplace/staticKeyword/../../Qt/5.12.6/clang_64/lib/cmake/Qt5Core/Qt5CoreMacros.cmake">
			<Option virtualFolder="CMake Files\..\..\Qt\5.12.6\clang_64\lib\cmake\Qt5Core\"/>
		</Unit>
	</Project>
</CodeBlocks_project_file>
